
Microsoft Visual Studio Solution File, Format Version 12.00
# Visual Studio 15
VisualStudioVersion = 15.0.27703.2035
MinimumVisualStudioVersion = 10.0.40219.1
Project("{9A19103F-16F7-4668-BE54-9A1E7A4F7556}") = "XRMOutlookAddIn", "XRMOutlookAddIn\XRMOutlookAddIn.csproj", "{F5F74A47-42F4-4B2E-A817-216EA7C8599B}"
EndProject
Global
	GlobalSection(SolutionConfigurationPlatforms) = preSolution
		Debug|Any CPU = Debug|Any CPU
		Release|Any CPU = Release|Any CPU
	EndGlobalSection
	GlobalSection(ProjectConfigurationPlatforms) = postSolution
		{F5F74A47-42F4-4B2E-A817-216EA7C8599B}.Debug|Any CPU.ActiveCfg = Debug|Any CPU
		{F5F74A47-42F4-4B2E-A817-216EA7C8599B}.Debug|Any CPU.Build.0 = Debug|Any CPU
		{F5F74A47-42F4-4B2E-A817-216EA7C8599B}.Release|Any CPU.ActiveCfg = Release|Any CPU
		{F5F74A47-42F4-4B2E-A817-216EA7C8599B}.Release|Any CPU.Build.0 = Release|Any CPU
	EndGlobalSection
	GlobalSection(SolutionProperties) = preSolution
		HideSolutionNode = FALSE
	EndGlobalSection
	GlobalSection(ExtensibilityGlobals) = postSolution
		SolutionGuid = {92D0815A-7016-490C-AE00-A5AB99CAEB3C}
	EndGlobalSection
EndGlobal
